
Microsoft Visual Studio Solution File, Format Version 12.00
# Visual Studio 2012
Project("{FAE04EC0-301F-11D3-BF4B-00C04F79EFBC}") = "YAMLParser", "YAMLParser.csproj", "{A9E51467-A465-4D81-9412-25D9A9D424F9}"
EndProject
Global
	GlobalSection(SolutionConfigurationPlatforms) = preSolution
		Debug|x86 = Debug|x86
		Release|x86 = Release|x86
		Debug|Any CPU = Debug|Any CPU
		Release|Any CPU = Release|Any CPU
		Debugger|x86 = Debugger|x86
		Debugger|Any CPU = Debugger|Any CPU
	EndGlobalSection
	GlobalSection(ProjectConfigurationPlatforms) = postSolution
		{A9E51467-A465-4D81-9412-25D9A9D424F9}.Debug|x86.ActiveCfg = Debug|x86
		{A9E51467-A465-4D81-9412-25D9A9D424F9}.Debug|x86.Build.0 = Debug|x86
		{A9E51467-A465-4D81-9412-25D9A9D424F9}.Release|x86.ActiveCfg = Release|x86
		{A9E51467-A465-4D81-9412-25D9A9D424F9}.Release|x86.Build.0 = Release|x86
		{A9E51467-A465-4D81-9412-25D9A9D424F9}.Debug|Any CPU.ActiveCfg = Debug|Any CPU
		{A9E51467-A465-4D81-9412-25D9A9D424F9}.Debug|Any CPU.Build.0 = Debug|Any CPU
		{A9E51467-A465-4D81-9412-25D9A9D424F9}.Release|Any CPU.ActiveCfg = Release|Any CPU
		{A9E51467-A465-4D81-9412-25D9A9D424F9}.Release|Any CPU.Build.0 = Release|Any CPU
		{A9E51467-A465-4D81-9412-25D9A9D424F9}.Debugger|x86.ActiveCfg = Debugger|x86
		{A9E51467-A465-4D81-9412-25D9A9D424F9}.Debugger|x86.Build.0 = Debugger|x86
		{A9E51467-A465-4D81-9412-25D9A9D424F9}.Debugger|Any CPU.ActiveCfg = Debugger|Any CPU
		{A9E51467-A465-4D81-9412-25D9A9D424F9}.Debugger|Any CPU.Build.0 = Debugger|Any CPU
	EndGlobalSection
EndGlobal
